
Microsoft Visual Studio Solution File, Format Version 12.00
# Visual Studio 15
VisualStudioVersion = 15.0.28010.2026
MinimumVisualStudioVersion = 10.0.40219.1
Project("{8BC9CEB8-8B4A-11D0-8D11-00A0C91BC942}") = "task1", "task1\task1.vcxproj", "{E20DAD44-0070-4924-8B45-3FBB03F63A3B}"
EndProject
Project("{8BC9CEB8-8B4A-11D0-8D11-00A0C91BC942}") = "task2", "task2\task2.vcxproj", "{17ED1F7E-F74F-4733-88E3-7C509626E0F8}"
EndProject
Project("{8BC9CEB8-8B4A-11D0-8D11-00A0C91BC942}") = "task3", "task3\task3.vcxproj", "{2690E2D7-B3FC-4E5C-9D93-5980D2897554}"
EndProject
Project("{8BC9CEB8-8B4A-11D0-8D11-00A0C91BC942}") = "task4", "task4\task4.vcxproj", "{B24AA302-9D7B-4586-AA33-9B60F239C31B}"
EndProject
Global
	GlobalSection(SolutionConfigurationPlatforms) = preSolution
		Debug|x64 = Debug|x64
		Debug|x86 = Debug|x86
		Release|x64 = Release|x64
		Release|x86 = Release|x86
	EndGlobalSection
	GlobalSection(ProjectConfigurationPlatforms) = postSolution
		{E20DAD44-0070-4924-8B45-3FBB03F63A3B}.Debug|x64.ActiveCfg = Debug|x64
		{E20DAD44-0070-4924-8B45-3FBB03F63A3B}.Debug|x64.Build.0 = Debug|x64
		{E20DAD44-0070-4924-8B45-3FBB03F63A3B}.Debug|x86.ActiveCfg = Debug|Win32
		{E20DAD44-0070-4924-8B45-3FBB03F63A3B}.Debug|x86.Build.0 = Debug|Win32
		{E20DAD44-0070-4924-8B45-3FBB03F63A3B}.Release|x64.ActiveCfg = Release|x64
		{E20DAD44-0070-4924-8B45-3FBB03F63A3B}.Release|x64.Build.0 = Release|x64
		{E20DAD44-0070-4924-8B45-3FBB03F63A3B}.Release|x86.ActiveCfg = Release|Win32
		{E20DAD44-0070-4924-8B45-3FBB03F63A3B}.Release|x86.Build.0 = Release|Win32
		{17ED1F7E-F74F-4733-88E3-7C509626E0F8}.Debug|x64.ActiveCfg = Debug|x64
		{17ED1F7E-F74F-4733-88E3-7C509626E0F8}.Debug|x64.Build.0 = Debug|x64
		{17ED1F7E-F74F-4733-88E3-7C509626E0F8}.Debug|x86.ActiveCfg = Debug|Win32
		{17ED1F7E-F74F-4733-88E3-7C509626E0F8}.Debug|x86.Build.0 = Debug|Win32
		{17ED1F7E-F74F-4733-88E3-7C509626E0F8}.Release|x64.ActiveCfg = Release|x64
		{17ED1F7E-F74F-4733-88E3-7C509626E0F8}.Release|x64.Build.0 = Release|x64
		{17ED1F7E-F74F-4733-88E3-7C509626E0F8}.Release|x86.ActiveCfg = Release|Win32
		{17ED1F7E-F74F-4733-88E3-7C509626E0F8}.Release|x86.Build.0 = Release|Win32
		{2690E2D7-B3FC-4E5C-9D93-5980D2897554}.Debug|x64.ActiveCfg = Debug|x64
		{2690E2D7-B3FC-4E5C-9D93-5980D2897554}.Debug|x64.Build.0 = Debug|x64
		{2690E2D7-B3FC-4E5C-9D93-5980D2897554}.Debug|x86.ActiveCfg = Debug|Win32
		{2690E2D7-B3FC-4E5C-9D93-5980D2897554}.Debug|x86.Build.0 = Debug|Win32
		{2690E2D7-B3FC-4E5C-9D93-5980D2897554}.Release|x64.ActiveCfg = Release|x64
		{2690E2D7-B3FC-4E5C-9D93-5980D2897554}.Release|x64.Build.0 = Release|x64
		{2690E2D7-B3FC-4E5C-9D93-5980D2897554}.Release|x86.ActiveCfg = Release|Win32
		{2690E2D7-B3FC-4E5C-9D93-5980D2897554}.Release|x86.Build.0 = Release|Win32
		{B24AA302-9D7B-4586-AA33-9B60F239C31B}.Debug|x64.ActiveCfg = Debug|x64
		{B24AA302-9D7B-4586-AA33-9B60F239C31B}.Debug|x64.Build.0 = Debug|x64
		{B24AA302-9D7B-4586-AA33-9B60F239C31B}.Debug|x86.ActiveCfg = Debug|Win32
		{B24AA302-9D7B-4586-AA33-9B60F239C31B}.Debug|x86.Build.0 = Debug|Win32
		{B24AA302-9D7B-4586-AA33-9B60F239C31B}.Release|x64.ActiveCfg = Release|x64
		{B24AA302-9D7B-4586-AA33-9B60F239C31B}.Release|x64.Build.0 = Release|x64
		{B24AA302-9D7B-4586-AA33-9B60F239C31B}.Release|x86.ActiveCfg = Release|Win32
		{B24AA302-9D7B-4586-AA33-9B60F239C31B}.Release|x86.Build.0 = Release|Win32
	EndGlobalSection
	GlobalSection(SolutionProperties) = preSolution
		HideSolutionNode = FALSE
	EndGlobalSection
	GlobalSection(ExtensibilityGlobals) = postSolution
		SolutionGuid = {C815C6F2-A78D-4175-A352-06B8A75BB52E}
	EndGlobalSection
EndGlobal
